{
  "name": "equation",
  "version": "1.0.0",
  "lockfileVersion": 1,
  "requires": true,
  "dependencies": {
    "coffeescript": {
      "version": "2.3.2",
      "resolved": "https://registry.npmjs.org/coffeescript/-/coffeescript-2.3.2.tgz",
      "integrity": "sha512-YObiFDoukx7qPBi/K0kUKyntEZDfBQiqs/DbrR1xzASKOBjGT7auD85/DiPeRr9k++lRj7l3uA9TNMLfyfcD/Q==",
      "dev": true
    }
  }
}
